# THIS IS AN AUTOGENERATED FILE. DO NOT EDIT THIS FILE DIRECTLY.
# yarn lockfile v1


"@types/three@^0.131.0":
  version "0.131.0"
  resolved "https://registry.yarnpkg.com/@types/three/-/three-0.131.0.tgz#98f59887b05f71e665cf2fbdf04e0e4ceb9f89b6"
  integrity sha512-4VCtsDi6mIId96GcGKG91e2Y6VwU2T0u/YB7vCFJh1kXik93arxn7l9tVZHo1LXOtgCJJDdC+e1fwf2Vu/4ySw==

three@^0.132.0:
  version "0.132.0"
  resolved "https://registry.yarnpkg.com/three/-/three-0.132.0.tgz#7c3197608c8ba1e9570ed078e1060f45e48d7fd3"
  integrity sha512-kv4WeP3O5/8mcHyuGYnqBQYdEfzSz9kEkq4H/9J966epNlGSVJ8gYC3SwT9qIITdgC0OvLr3zPltCS4dUyg2eg==
